
Microsoft Visual Studio Solution File, Format Version 12.00
# Visual Studio Version 17
VisualStudioVersion = 17.0.32014.148
MinimumVisualStudioVersion = 10.0.40219.1
Project("{9A19103F-16F7-4668-BE54-9A1E7A4F7556}") = "Quine.SqlInvoke", "Quine.SqlInvoke\Quine.SqlInvoke.csproj", "{F21C4951-3027-473B-9F3B-5E50EE6BC368}"
EndProject
Project("{9A19103F-16F7-4668-BE54-9A1E7A4F7556}") = "Quine.SqlInvoke.Test", "Quine.SqlInvoke.Test\Quine.SqlInvoke.Test.csproj", "{08065AE6-CC36-4302-8AFD-5E7464E3312A}"
EndProject
Project("{2150E333-8FDC-42A3-9474-1A3956D46DE8}") = "Solution Items", "Solution Items", "{E880A2F9-F98A-4084-9F12-40D96F7999D9}"
	ProjectSection(SolutionItems) = preProject
		LICENSE.txt = LICENSE.txt
		README.md = README.md
	EndProjectSection
EndProject
Global
	GlobalSection(SolutionConfigurationPlatforms) = preSolution
		Debug|Any CPU = Debug|Any CPU
		Release|Any CPU = Release|Any CPU
	EndGlobalSection
	GlobalSection(ProjectConfigurationPlatforms) = postSolution
		{F21C4951-3027-473B-9F3B-5E50EE6BC368}.Debug|Any CPU.ActiveCfg = Debug|Any CPU
		{F21C4951-3027-473B-9F3B-5E50EE6BC368}.Debug|Any CPU.Build.0 = Debug|Any CPU
		{F21C4951-3027-473B-9F3B-5E50EE6BC368}.Release|Any CPU.ActiveCfg = Release|Any CPU
		{F21C4951-3027-473B-9F3B-5E50EE6BC368}.Release|Any CPU.Build.0 = Release|Any CPU
		{08065AE6-CC36-4302-8AFD-5E7464E3312A}.Debug|Any CPU.ActiveCfg = Debug|Any CPU
		{08065AE6-CC36-4302-8AFD-5E7464E3312A}.Debug|Any CPU.Build.0 = Debug|Any CPU
		{08065AE6-CC36-4302-8AFD-5E7464E3312A}.Release|Any CPU.ActiveCfg = Release|Any CPU
		{08065AE6-CC36-4302-8AFD-5E7464E3312A}.Release|Any CPU.Build.0 = Release|Any CPU
	EndGlobalSection
	GlobalSection(SolutionProperties) = preSolution
		HideSolutionNode = FALSE
	EndGlobalSection
	GlobalSection(ExtensibilityGlobals) = postSolution
		SolutionGuid = {5E39D2B5-86E9-4DB0-8905-417CE4DA1B4F}
	EndGlobalSection
EndGlobal
